// !$*UTF8*$!
{
	archiveVersion = 1;
	classes = {
	};
	objectVersion = 56;
	objects = {

/* Begin PBXBuildFile section */
		BC00BD3E2983FBEB00A862A4 /* Weather_SwiftUIApp.swift in Sources */ = {isa = PBXBuildFile; fileRef = BC00BD3D2983FBEB00A862A4 /* Weather_SwiftUIApp.swift */; };
		BC00BD402983FBEB00A862A4 /* WeatherView.swift in Sources */ = {isa = PBXBuildFile; fileRef = BC00BD3F2983FBEB00A862A4 /* WeatherView.swift */; };
		BC00BD422983FBED00A862A4 /* Assets.xcassets in Resources */ = {isa = PBXBuildFile; fileRef = BC00BD412983FBED00A862A4 /* Assets.xcassets */; };
		BC00BD452983FBED00A862A4 /* Preview Assets.xcassets in Resources */ = {isa = PBXBuildFile; fileRef = BC00BD442983FBED00A862A4 /* Preview Assets.xcassets */; };
		BC00BD4C2984665000A862A4 /* WeatherButton.swift in Sources */ = {isa = PBXBuildFile; fileRef = BC00BD4B2984665000A862A4 /* WeatherButton.swift */; };
		BC390B0529911FCD004F5027 /* WeatherModel.swift in Sources */ = {isa = PBXBuildFile; fileRef = BC390B0429911FCD004F5027 /* WeatherModel.swift */; };
		BC390B0729911FF0004F5027 /* Password.swift in Sources */ = {isa = PBXBuildFile; fileRef = BC390B0629911FF0004F5027 /* Password.swift */; };
		BC390B0929912032004F5027 /* NetworkManager.swift in Sources */ = {isa = PBXBuildFile; fileRef = BC390B0829912032004F5027 /* NetworkManager.swift */; };
		BCB305C929914B450088ADBC /* NetworkErrors.swift in Sources */ = {isa = PBXBuildFile; fileRef = BCB305C829914B450088ADBC /* NetworkErrors.swift */; };
		BCB305CB299150400088ADBC /* WeatherViewModel.swift in Sources */ = {isa = PBXBuildFile; fileRef = BCB305CA299150400088ADBC /* WeatherViewModel.swift */; };
		BCB305CD2991B9B40088ADBC /* WeatherIconView.swift in Sources */ = {isa = PBXBuildFile; fileRef = BCB305CC2991B9B40088ADBC /* WeatherIconView.swift */; };
/* End PBXBuildFile section */

/* Begin PBXFileReference section */
		BC00BD3A2983FBEB00A862A4 /* Weather SwiftUI.app */ = {isa = PBXFileReference; explicitFileType = wrapper.application; includeInIndex = 0; path = "Weather SwiftUI.app"; sourceTree = BUILT_PRODUCTS_DIR; };
		BC00BD3D2983FBEB00A862A4 /* Weather_SwiftUIApp.swift */ = {isa = PBXFileReference; lastKnownFileType = sourcecode.swift; path = Weather_SwiftUIApp.swift; sourceTree = "<group>"; };
		BC00BD3F2983FBEB00A862A4 /* WeatherView.swift */ = {isa = PBXFileReference; lastKnownFileType = sourcecode.swift; path = WeatherView.swift; sourceTree = "<group>"; };
		BC00BD412983FBED00A862A4 /* Assets.xcassets */ = {isa = PBXFileReference; lastKnownFileType = folder.assetcatalog; path = Assets.xcassets; sourceTree = "<group>"; };
		BC00BD442983FBED00A862A4 /* Preview Assets.xcassets */ = {isa = PBXFileReference; lastKnownFileType = folder.assetcatalog; path = "Preview Assets.xcassets"; sourceTree = "<group>"; };
		BC00BD4B2984665000A862A4 /* WeatherButton.swift */ = {isa = PBXFileReference; lastKnownFileType = sourcecode.swift; path = WeatherButton.swift; sourceTree = "<group>"; };
		BC390B0429911FCD004F5027 /* WeatherModel.swift */ = {isa = PBXFileReference; lastKnownFileType = sourcecode.swift; path = WeatherModel.swift; sourceTree = "<group>"; };
		BC390B0629911FF0004F5027 /* Password.swift */ = {isa = PBXFileReference; lastKnownFileType = sourcecode.swift; path = Password.swift; sourceTree = "<group>"; };
		BC390B0829912032004F5027 /* NetworkManager.swift */ = {isa = PBXFileReference; lastKnownFileType = sourcecode.swift; path = NetworkManager.swift; sourceTree = "<group>"; };
		BCB305C829914B450088ADBC /* NetworkErrors.swift */ = {isa = PBXFileReference; lastKnownFileType = sourcecode.swift; path = NetworkErrors.swift; sourceTree = "<group>"; };
		BCB305CA299150400088ADBC /* WeatherViewModel.swift */ = {isa = PBXFileReference; lastKnownFileType = sourcecode.swift; path = WeatherViewModel.swift; sourceTree = "<group>"; };
		BCB305CC2991B9B40088ADBC /* WeatherIconView.swift */ = {isa = PBXFileReference; lastKnownFileType = sourcecode.swift; path = WeatherIconView.swift; sourceTree = "<group>"; };
/* End PBXFileReference section */

/* Begin PBXFrameworksBuildPhase section */
		BC00BD372983FBEB00A862A4 /* Frameworks */ = {
			isa = PBXFrameworksBuildPhase;
			buildActionMask = 2147483647;
			files = (
			);
			runOnlyForDeploymentPostprocessing = 0;
		};
/* End PBXFrameworksBuildPhase section */

/* Begin PBXGroup section */
		BC00BD312983FBEB00A862A4 = {
			isa = PBXGroup;
			children = (
				BC00BD3C2983FBEB00A862A4 /* Weather SwiftUI */,
				BC00BD3B2983FBEB00A862A4 /* Products */,
			);
			sourceTree = "<group>";
		};
		BC00BD3B2983FBEB00A862A4 /* Products */ = {
			isa = PBXGroup;
			children = (
				BC00BD3A2983FBEB00A862A4 /* Weather SwiftUI.app */,
			);
			name = Products;
			sourceTree = "<group>";
		};
		BC00BD3C2983FBEB00A862A4 /* Weather SwiftUI */ = {
			isa = PBXGroup;
			children = (
				BC00BD3D2983FBEB00A862A4 /* Weather_SwiftUIApp.swift */,
				BC00BD3F2983FBEB00A862A4 /* WeatherView.swift */,
				BCB305CA299150400088ADBC /* WeatherViewModel.swift */,
				BC00BD4B2984665000A862A4 /* WeatherButton.swift */,
				BC390B0429911FCD004F5027 /* WeatherModel.swift */,
				BC390B0629911FF0004F5027 /* Password.swift */,
				BC390B0829912032004F5027 /* NetworkManager.swift */,
				BCB305CC2991B9B40088ADBC /* WeatherIconView.swift */,
				BCB305C829914B450088ADBC /* NetworkErrors.swift */,
				BC00BD412983FBED00A862A4 /* Assets.xcassets */,
				BC00BD432983FBED00A862A4 /* Preview Content */,
			);
			path = "Weather SwiftUI";
			sourceTree = "<group>";
		};
		BC00BD432983FBED00A862A4 /* Preview Content */ = {
			isa = PBXGroup;
			children = (
				BC00BD442983FBED00A862A4 /* Preview Assets.xcassets */,
			);
			path = "Preview Content";
			sourceTree = "<group>";
		};
/* End PBXGroup section */

/* Begin PBXNativeTarget section */
		BC00BD392983FBEB00A862A4 /* Weather SwiftUI */ = {
			isa = PBXNativeTarget;
			buildConfigurationList = BC00BD482983FBED00A862A4 /* Build configuration list for PBXNativeTarget "Weather SwiftUI" */;
			buildPhases = (
				BC00BD362983FBEB00A862A4 /* Sources */,
				BC00BD372983FBEB00A862A4 /* Frameworks */,
				BC00BD382983FBEB00A862A4 /* Resources */,
			);
			buildRules = (
			);
			dependencies = (
			);
			name = "Weather SwiftUI";
			productName = "Weather SwiftUI";
			productReference = BC00BD3A2983FBEB00A862A4 /* Weather SwiftUI.app */;
			productType = "com.apple.product-type.application";
		};
/* End PBXNativeTarget section */

/* Begin PBXProject section */
		BC00BD322983FBEB00A862A4 /* Project object */ = {
			isa = PBXProject;
			attributes = {
				BuildIndependentTargetsInParallel = 1;
				LastSwiftUpdateCheck = 1420;
				LastUpgradeCheck = 1420;
				TargetAttributes = {
					BC00BD392983FBEB00A862A4 = {
						CreatedOnToolsVersion = 14.2;
					};
				};
			};
			buildConfigurationList = BC00BD352983FBEB00A862A4 /* Build configuration list for PBXProject "Weather SwiftUI" */;
			compatibilityVersion = "Xcode 14.0";
			developmentRegion = en;
			hasScannedForEncodings = 0;
			knownRegions = (
				en,
				Base,
			);
			mainGroup = BC00BD312983FBEB00A862A4;
			productRefGroup = BC00BD3B2983FBEB00A862A4 /* Products */;
			projectDirPath = "";
			projectRoot = "";
			targets = (
				BC00BD392983FBEB00A862A4 /* Weather SwiftUI */,
			);
		};
/* End PBXProject section */

/* Begin PBXResourcesBuildPhase section */
		BC00BD382983FBEB00A862A4 /* Resources */ = {
			isa = PBXResourcesBuildPhase;
			buildActionMask = 2147483647;
			files = (
				BC00BD452983FBED00A862A4 /* Preview Assets.xcassets in Resources */,
				BC00BD422983FBED00A862A4 /* Assets.xcassets in Resources */,
			);
			runOnlyForDeploymentPostprocessing = 0;
		};
/* End PBXResourcesBuildPhase section */

/* Begin PBXSourcesBuildPhase section */
		BC00BD362983FBEB00A862A4 /* Sources */ = {
			isa = PBXSourcesBuildPhase;
			buildActionMask = 2147483647;
			files = (
				BCB305CD2991B9B40088ADBC /* WeatherIconView.swift in Sources */,
				BC390B0929912032004F5027 /* NetworkManager.swift in Sources */,
				BC00BD402983FBEB00A862A4 /* WeatherView.swift in Sources */,
				BC00BD3E2983FBEB00A862A4 /* Weather_SwiftUIApp.swift in Sources */,
				BCB305C929914B450088ADBC /* NetworkErrors.swift in Sources */,
				BC390B0529911FCD004F5027 /* WeatherModel.swift in Sources */,
				BCB305CB299150400088ADBC /* WeatherViewModel.swift in Sources */,
				BC390B0729911FF0004F5027 /* Password.swift in Sources */,
				BC00BD4C2984665000A862A4 /* WeatherButton.swift in Sources */,
			);
			runOnlyForDeploymentPostprocessing = 0;
		};
/* End PBXSourcesBuildPhase section */

/* Begin XCBuildConfiguration section */
		BC00BD462983FBED00A862A4 /* Debug */ = {
			isa = XCBuildConfiguration;
			buildSettings = {
				ALWAYS_SEARCH_USER_PATHS = NO;
				CLANG_ANALYZER_NONNULL = YES;
				CLANG_ANALYZER_NUMBER_OBJECT_CONVERSION = YES_AGGRESSIVE;
				CLANG_CXX_LANGUAGE_STANDARD = "gnu++20";
				CLANG_ENABLE_MODULES = YES;
				CLANG_ENABLE_OBJC_ARC = YES;
				CLANG_ENABLE_OBJC_WEAK = YES;
				CLANG_WARN_BLOCK_CAPTURE_AUTORELEASING = YES;
				CLANG_WARN_BOOL_CONVERSION = YES;
				CLANG_WARN_COMMA = YES;
				CLANG_WARN_CONSTANT_CONVERSION = YES;
				CLANG_WARN_DEPRECATED_OBJC_IMPLEMENTATIONS = YES;
				CLANG_WARN_DIRECT_OBJC_ISA_USAGE = YES_ERROR;
				CLANG_WARN_DOCUMENTATION_COMMENTS = YES;
				CLANG_WARN_EMPTY_BODY = YES;
				CLANG_WARN_ENUM_CONVERSION = YES;
				CLANG_WARN_INFINITE_RECURSION = YES;
				CLANG_WARN_INT_CONVERSION = YES;
				CLANG_WARN_NON_LITERAL_NULL_CONVERSION = YES;
				CLANG_WARN_OBJC_IMPLICIT_RETAIN_SELF = YES;
				CLANG_WARN_OBJC_LITERAL_CONVERSION = YES;
				CLANG_WARN_OBJC_ROOT_CLASS = YES_ERROR;
				CLANG_WARN_QUOTED_INCLUDE_IN_FRAMEWORK_HEADER = YES;
				CLANG_WARN_RANGE_LOOP_ANALYSIS = YES;
				CLANG_WARN_STRICT_PROTOTYPES = YES;
				CLANG_WARN_SUSPICIOUS_MOVE = YES;
				CLANG_WARN_UNGUARDED_AVAILABILITY = YES_AGGRESSIVE;
				CLANG_WARN_UNREACHABLE_CODE = YES;
				CLANG_WARN__DUPLICATE_METHOD_MATCH = YES;
				COPY_PHASE_STRIP = NO;
				DEBUG_INFORMATION_FORMAT = dwarf;
				ENABLE_STRICT_OBJC_MSGSEND = YES;
				ENABLE_TESTABILITY = YES;
				GCC_C_LANGUAGE_STANDARD = gnu11;
				GCC_DYNAMIC_NO_PIC = NO;
				GCC_NO_COMMON_BLOCKS = YES;
				GCC_OPTIMIZATION_LEVEL = 0;
				GCC_PREPROCESSOR_DEFINITIONS = (
					"DEBUG=1",
					"$(inherited)",
				);
				GCC_WARN_64_TO_32_BIT_CONVERSION = YES;
				GCC_WARN_ABOUT_RETURN_TYPE = YES_ERROR;
				GCC_WARN_UNDECLARED_SELECTOR = YES;
				GCC_WARN_UNINITIALIZED_AUTOS = YES_AGGRESSIVE;
				GCC_WARN_UNUSED_FUNCTION = YES;
				GCC_WARN_UNUSED_VARIABLE = YES;
				IPHONEOS_DEPLOYMENT_TARGET = 16.2;
				MTL_ENABLE_DEBUG_INFO = INCLUDE_SOURCE;
				MTL_FAST_MATH = YES;
				ONLY_ACTIVE_ARCH = YES;
				SDKROOT = iphoneos;
				SWIFT_ACTIVE_COMPILATION_CONDITIONS = DEBUG;
				SWIFT_OPTIMIZATION_LEVEL = "-Onone";
			};
			name = Debug;
		};
		BC00BD472983FBED00A862A4 /* Release */ = {
			isa = XCBuildConfiguration;
			buildSettings = {
				ALWAYS_SEARCH_USER_PATHS = NO;
				CLANG_ANALYZER_NONNULL = YES;
				CLANG_ANALYZER_NUMBER_OBJECT_CONVERSION = YES_AGGRESSIVE;
				CLANG_CXX_LANGUAGE_STANDARD = "gnu++20";
				CLANG_ENABLE_MODULES = YES;
				CLANG_ENABLE_OBJC_ARC = YES;
				CLANG_ENABLE_OBJC_WEAK = YES;
				CLANG_WARN_BLOCK_CAPTURE_AUTORELEASING = YES;
				CLANG_WARN_BOOL_CONVERSION = YES;
				CLANG_WARN_COMMA = YES;
				CLANG_WARN_CONSTANT_CONVERSION = YES;
				CLANG_WARN_DEPRECATED_OBJC_IMPLEMENTATIONS = YES;
				CLANG_WARN_DIRECT_OBJC_ISA_USAGE = YES_ERROR;
				CLANG_WARN_DOCUMENTATION_COMMENTS = YES;
				CLANG_WARN_EMPTY_BODY = YES;
				CLANG_WARN_ENUM_CONVERSION = YES;
				CLANG_WARN_INFINITE_RECURSION = YES;
				CLANG_WARN_INT_CONVERSION = YES;
				CLANG_WARN_NON_LITERAL_NULL_CONVERSION = YES;
				CLANG_WARN_OBJC_IMPLICIT_RETAIN_SELF = YES;
				CLANG_WARN_OBJC_LITERAL_CONVERSION = YES;
				CLANG_WARN_OBJC_ROOT_CLASS = YES_ERROR;
				CLANG_WARN_QUOTED_INCLUDE_IN_FRAMEWORK_HEADER = YES;
				CLANG_WARN_RANGE_LOOP_ANALYSIS = YES;
				CLANG_WARN_STRICT_PROTOTYPES = YES;
				CLANG_WARN_SUSPICIOUS_MOVE = YES;
				CLANG_WARN_UNGUARDED_AVAILABILITY = YES_AGGRESSIVE;
				CLANG_WARN_UNREACHABLE_CODE = YES;
				CLANG_WARN__DUPLICATE_METHOD_MATCH = YES;
				COPY_PHASE_STRIP = NO;
				DEBUG_INFORMATION_FORMAT = "dwarf-with-dsym";
				ENABLE_NS_ASSERTIONS = NO;
				ENABLE_STRICT_OBJC_MSGSEND = YES;
				GCC_C_LANGUAGE_STANDARD = gnu11;
				GCC_NO_COMMON_BLOCKS = YES;
				GCC_WARN_64_TO_32_BIT_CONVERSION = YES;
				GCC_WARN_ABOUT_RETURN_TYPE = YES_ERROR;
				GCC_WARN_UNDECLARED_SELECTOR = YES;
				GCC_WARN_UNINITIALIZED_AUTOS = YES_AGGRESSIVE;
				GCC_WARN_UNUSED_FUNCTION = YES;
				GCC_WARN_UNUSED_VARIABLE = YES;
				IPHONEOS_DEPLOYMENT_TARGET = 16.2;
				MTL_ENABLE_DEBUG_INFO = NO;
				MTL_FAST_MATH = YES;
				SDKROOT = iphoneos;
				SWIFT_COMPILATION_MODE = wholemodule;
				SWIFT_OPTIMIZATION_LEVEL = "-O";
				VALIDATE_PRODUCT = YES;
			};
			name = Release;
		};
		BC00BD492983FBED00A862A4 /* Debug */ = {
			isa = XCBuildConfiguration;
			buildSettings = {
				ASSETCATALOG_COMPILER_APPICON_NAME = AppIcon;
				ASSETCATALOG_COMPILER_GLOBAL_ACCENT_COLOR_NAME = AccentColor;
				CODE_SIGN_STYLE = Automatic;
				CURRENT_PROJECT_VERSION = 1;
				DEVELOPMENT_ASSET_PATHS = "\"Weather SwiftUI/Preview Content\"";
				DEVELOPMENT_TEAM = K33FXWL25N;
				ENABLE_PREVIEWS = YES;
				GENERATE_INFOPLIST_FILE = YES;
				INFOPLIST_KEY_UIApplicationSceneManifest_Generation = YES;
				INFOPLIST_KEY_UIApplicationSupportsIndirectInputEvents = YES;
				INFOPLIST_KEY_UILaunchScreen_Generation = YES;
				INFOPLIST_KEY_UISupportedInterfaceOrientations_iPad = "UIInterfaceOrientationPortrait UIInterfaceOrientationPortraitUpsideDown UIInterfaceOrientationLandscapeLeft UIInterfaceOrientationLandscapeRight";
				INFOPLIST_KEY_UISupportedInterfaceOrientations_iPhone = "UIInterfaceOrientationPortrait UIInterfaceOrientationLandscapeLeft UIInterfaceOrientationLandscapeRight";
				LD_RUNPATH_SEARCH_PATHS = (
					"$(inherited)",
					"@executable_path/Frameworks",
				);
				MARKETING_VERSION = 1.0;
				PRODUCT_BUNDLE_IDENTIFIER = "com.anatolii.ostapenko.Weather-SwiftUI";
				PRODUCT_NAME = "$(TARGET_NAME)";
				SWIFT_EMIT_LOC_STRINGS = YES;
				SWIFT_VERSION = 5.0;
				TARGETED_DEVICE_FAMILY = "1,2";
			};
			name = Debug;
		};
		BC00BD4A2983FBED00A862A4 /* Release */ = {
			isa = XCBuildConfiguration;
			buildSettings = {
				ASSETCATALOG_COMPILER_APPICON_NAME = AppIcon;
				ASSETCATALOG_COMPILER_GLOBAL_ACCENT_COLOR_NAME = AccentColor;
				CODE_SIGN_STYLE = Automatic;
				CURRENT_PROJECT_VERSION = 1;
				DEVELOPMENT_ASSET_PATHS = "\"Weather SwiftUI/Preview Content\"";
				DEVELOPMENT_TEAM = K33FXWL25N;
				ENABLE_PREVIEWS = YES;
				GENERATE_INFOPLIST_FILE = YES;
				INFOPLIST_KEY_UIApplicationSceneManifest_Generation = YES;
				INFOPLIST_KEY_UIApplicationSupportsIndirectInputEvents = YES;
				INFOPLIST_KEY_UILaunchScreen_Generation = YES;
				INFOPLIST_KEY_UISupportedInterfaceOrientations_iPad = "UIInterfaceOrientationPortrait UIInterfaceOrientationPortraitUpsideDown UIInterfaceOrientationLandscapeLeft UIInterfaceOrientationLandscapeRight";
				INFOPLIST_KEY_UISupportedInterfaceOrientations_iPhone = "UIInterfaceOrientationPortrait UIInterfaceOrientationLandscapeLeft UIInterfaceOrientationLandscapeRight";
				LD_RUNPATH_SEARCH_PATHS = (
					"$(inherited)",
					"@executable_path/Frameworks",
				);
				MARKETING_VERSION = 1.0;
				PRODUCT_BUNDLE_IDENTIFIER = "com.anatolii.ostapenko.Weather-SwiftUI";
				PRODUCT_NAME = "$(TARGET_NAME)";
				SWIFT_EMIT_LOC_STRINGS = YES;
				SWIFT_VERSION = 5.0;
				TARGETED_DEVICE_FAMILY = "1,2";
			};
			name = Release;
		};
/* End XCBuildConfiguration section */

/* Begin XCConfigurationList section */
		BC00BD352983FBEB00A862A4 /* Build configuration list for PBXProject "Weather SwiftUI" */ = {
			isa = XCConfigurationList;
			buildConfigurations = (
				BC00BD462983FBED00A862A4 /* Debug */,
				BC00BD472983FBED00A862A4 /* Release */,
			);
			defaultConfigurationIsVisible = 0;
			defaultConfigurationName = Release;
		};
		BC00BD482983FBED00A862A4 /* Build configuration list for PBXNativeTarget "Weather SwiftUI" */ = {
			isa = XCConfigurationList;
			buildConfigurations = (
				BC00BD492983FBED00A862A4 /* Debug */,
				BC00BD4A2983FBED00A862A4 /* Release */,
			);
			defaultConfigurationIsVisible = 0;
			defaultConfigurationName = Release;
		};
/* End XCConfigurationList section */
	};
	rootObject = BC00BD322983FBEB00A862A4 /* Project object */;
}
